PODS:
  - boost-for-react-native (1.63.0)
  - DoubleConversion (1.1.6)
  - Folly (2018.10.22.00):
    - boost-for-react-native
    - DoubleConversion
    - Folly/Default (= 2018.10.22.00)
    - glog
  - Folly/Default (2018.10.22.00):
    - boost-for-react-native
    - DoubleConversion
    - glog
  - glog (0.3.5)
  - React (0.60.0):
    - React-Core (= 0.60.0)
    - React-DevSupport (= 0.60.0)
    - React-RCTActionSheet (= 0.60.0)
    - React-RCTAnimation (= 0.60.0)
    - React-RCTBlob (= 0.60.0)
    - React-RCTImage (= 0.60.0)
    - React-RCTLinking (= 0.60.0)
    - React-RCTNetwork (= 0.60.0)
    - React-RCTSettings (= 0.60.0)
    - React-RCTText (= 0.60.0)
    - React-RCTVibration (= 0.60.0)
    - React-RCTWebSocket (= 0.60.0)
  - React-ART (0.60.0):
    - React-Core (= 0.60.0)
  - React-Core (0.60.0):
    - Folly (= 2018.10.22.00)
    - React-cxxreact (= 0.60.0)
    - React-jsiexecutor (= 0.60.0)
    - yoga (= 0.60.0.React)
  - React-cxxreact (0.60.0):
    - boost-for-react-native (= 1.63.0)
    - DoubleConversion
    - Folly (= 2018.10.22.00)
    - glog
    - React-jsinspector (= 0.60.0)
  - React-DevSupport (0.60.0):
    - React-Core (= 0.60.0)
    - React-RCTWebSocket (= 0.60.0)
  - React-jscallinvoker (0.60.0):
    - Folly (= 2018.10.22.00)
    - React-cxxreact (= 0.60.0)
  - React-jsi (0.60.0):
    - boost-for-react-native (= 1.63.0)
    - DoubleConversion
    - Folly (= 2018.10.22.00)
    - glog
    - React-jsi/Default (= 0.60.0)
  - React-jsi/Default (0.60.0):
    - boost-for-react-native (= 1.63.0)
    - DoubleConversion
    - Folly (= 2018.10.22.00)
    - glog
  - React-jsiexecutor (0.60.0):
    - DoubleConversion
    - Folly (= 2018.10.22.00)
    - glog
    - React-cxxreact (= 0.60.0)
    - React-jsi (= 0.60.0)
  - React-jsinspector (0.60.0)
  - React-RCTActionSheet (0.60.0):
    - React-Core (= 0.60.0)
  - React-RCTAnimation (0.60.0):
    - React-Core (= 0.60.0)
  - React-RCTBlob (0.60.0):
    - React-Core (= 0.60.0)
    - React-RCTNetwork (= 0.60.0)
    - React-RCTWebSocket (= 0.60.0)
  - React-RCTImage (0.60.0):
    - React-Core (= 0.60.0)
    - React-RCTNetwork (= 0.60.0)
  - React-RCTLinking (0.60.0):
    - React-Core (= 0.60.0)
  - React-RCTNetwork (0.60.0):
    - React-Core (= 0.60.0)
  - React-RCTSettings (0.60.0):
    - React-Core (= 0.60.0)
  - React-RCTText (0.60.0):
    - React-Core (= 0.60.0)
  - React-RCTVibration (0.60.0):
    - React-Core (= 0.60.0)
  - React-RCTWebSocket (0.60.0):
    - React-Core (= 0.60.0)
  - React-turbomodule-core (0.60.0):
    - Folly (= 2018.10.22.00)
    - React-Core (= 0.60.0)
    - React-cxxreact (= 0.60.0)
    - React-jscallinvoker (= 0.60.0)
    - React-jsi (= 0.60.0)
    - React-turbomodule-core/core-ios (= 0.60.0)
  - React-turbomodule-core/core-ios (0.60.0):
    - Folly (= 2018.10.22.00)
    - React-Core (= 0.60.0)
    - React-cxxreact (= 0.60.0)
    - React-jscallinvoker (= 0.60.0)
    - React-jsi (= 0.60.0)
  - React-turbomodule-samples (0.60.0):
    - Folly (= 2018.10.22.00)
    - React-Core (= 0.60.0)
    - React-cxxreact (= 0.60.0)
    - React-jsi (= 0.60.0)
    - React-turbomodule-core (= 0.60.0)
    - React-turbomodule-samples/samples-ios (= 0.60.0)
  - React-turbomodule-samples/samples-ios (0.60.0):
    - Folly (= 2018.10.22.00)
    - React-Core (= 0.60.0)
    - React-cxxreact (= 0.60.0)
    - React-jsi (= 0.60.0)
    - React-turbomodule-core (= 0.60.0)
  - yoga (0.60.0.React)

DEPENDENCIES:
  - DoubleConversion (from `../third-party-podspecs/DoubleConversion.podspec`)
  - Folly (from `../third-party-podspecs/Folly.podspec`)
  - glog (from `../third-party-podspecs/glog.podspec`)
  - React (from `../`)
  - React-ART (from `../Libraries/ART`)
  - React-Core (from `../React`)
  - React-cxxreact (from `../ReactCommon/cxxreact`)
  - React-DevSupport (from `../React`)
  - React-jscallinvoker (from `../ReactCommon/jscallinvoker`)
  - React-jsi (from `../ReactCommon/jsi`)
  - React-jsiexecutor (from `../ReactCommon/jsiexecutor`)
  - React-jsinspector (from `../ReactCommon/jsinspector`)
  - React-RCTActionSheet (from `../Libraries/ActionSheetIOS`)
  - React-RCTAnimation (from `../Libraries/NativeAnimation`)
  - React-RCTBlob (from `../Libraries/Blob`)
  - React-RCTImage (from `../Libraries/Image`)
  - React-RCTLinking (from `../Libraries/LinkingIOS`)
  - React-RCTNetwork (from `../Libraries/Network`)
  - React-RCTSettings (from `../Libraries/Settings`)
  - React-RCTText (from `../Libraries/Text`)
  - React-RCTVibration (from `../Libraries/Vibration`)
  - React-RCTWebSocket (from `../Libraries/WebSocket`)
  - React-turbomodule-core (from `../ReactCommon/turbomodule/core`)
  - React-turbomodule-samples (from `../ReactCommon/turbomodule/samples`)
  - yoga (from `../ReactCommon/yoga`)

SPEC REPOS:
  https://github.com/cocoapods/specs.git:
    - boost-for-react-native

EXTERNAL SOURCES:
  DoubleConversion:
    :podspec: "../third-party-podspecs/DoubleConversion.podspec"
  Folly:
    :podspec: "../third-party-podspecs/Folly.podspec"
  glog:
    :podspec: "../third-party-podspecs/glog.podspec"
  React:
    :path: "../"
  React-ART:
    :path: "../Libraries/ART"
  React-Core:
    :path: "../React"
  React-cxxreact:
    :path: "../ReactCommon/cxxreact"
  React-DevSupport:
    :path: "../React"
  React-jscallinvoker:
    :path: "../ReactCommon/jscallinvoker"
  React-jsi:
    :path: "../ReactCommon/jsi"
  React-jsiexecutor:
    :path: "../ReactCommon/jsiexecutor"
  React-jsinspector:
    :path: "../ReactCommon/jsinspector"
  React-RCTActionSheet:
    :path: "../Libraries/ActionSheetIOS"
  React-RCTAnimation:
    :path: "../Libraries/NativeAnimation"
  React-RCTBlob:
    :path: "../Libraries/Blob"
  React-RCTImage:
    :path: "../Libraries/Image"
  React-RCTLinking:
    :path: "../Libraries/LinkingIOS"
  React-RCTNetwork:
    :path: "../Libraries/Network"
  React-RCTSettings:
    :path: "../Libraries/Settings"
  React-RCTText:
    :path: "../Libraries/Text"
  React-RCTVibration:
    :path: "../Libraries/Vibration"
  React-RCTWebSocket:
    :path: "../Libraries/WebSocket"
  React-turbomodule-core:
    :path: "../ReactCommon/turbomodule/core"
  React-turbomodule-samples:
    :path: "../ReactCommon/turbomodule/samples"
  yoga:
    :path: "../ReactCommon/yoga"

SPEC CHECKSUMS:
  boost-for-react-native: 39c7adb57c4e60d6c5479dd8623128eb5b3f0f2c
  DoubleConversion: 5805e889d232975c086db112ece9ed034df7a0b2
  Folly: 8b80a9b97f8e5d79c15fbcf45842da6cdfaed2af
  glog: 1f3da668190260b06b429bb211bfbee5cd790c28
  React: 4b3c068e793e96672dcd186a2b572fac43e4b031
  React-ART: e1929bca49c7c30161aee54e7619a096477f7b23
  React-Core: 58a26d907da8dfba5df0fc0f44e270e3150329b3
  React-cxxreact: 0dacb291e59b81e7c3f22a2118bee853ba8a60d2
  React-DevSupport: 4eb4135386acd10c2586cc9c759bf96b4dac035e
  React-jscallinvoker: 144cf0efb4b256c0371db21c1901eebd375bab59
  React-jsi: d8c4a997e65c8b4984026d44bee230c60a0ccb24
  React-jsiexecutor: 7a3554f703a58963ec80b860144ea0f0e9b910e1
  React-jsinspector: d4ed52225912efe0019bb7f1a225aec20f23049a
  React-RCTActionSheet: b27ff3cf3a68f917c46d2b94abf938b625b96570
  React-RCTAnimation: 9e4708e5bd65fca8285ce7c0aa076f3f4fa5c2f8
  React-RCTBlob: 6eafcc3a24f33785692a7be24918ade607bc8719
  React-RCTImage: 46b965d7225b428ea11580ead08a4318aef1d6be
  React-RCTLinking: d65b9f56cf0b8e171575a86764df7bb019ac28d6
  React-RCTNetwork: 783ee2f430740e58f724e46adc79fe7feff64202
  React-RCTSettings: aa28315aadfbfaf94206d865673ae509f1e97c07
  React-RCTText: 685fca2e13b024271048e7e247ef24476f28a41e
  React-RCTVibration: 4ee1cf208ab17a50fafb1c16ffe28fe594a64e4f
  React-RCTWebSocket: acc84ee4c2d57ddb1d82523977a622f4ac5e6c5f
  React-turbomodule-core: 5cd3ae7b64645a9d5d1569d77573c761debac4a7
  React-turbomodule-samples: fe1ada9586680738d1183c609445050740a16153
  yoga: 616fde658be980aa60a2158835170f3f9c2d04b4

PODFILE CHECKSUM: 15ed49a63f4e43df6ccbca5da0b40a7c63473af7

COCOAPODS: 1.7.5
